
Microsoft Visual Studio Solution File, Format Version 12.00
# Visual Studio Version 17
VisualStudioVersion = 17.14.37027.9 d17.14
MinimumVisualStudioVersion = 10.0.40219.1
Project("{888888A0-9F3D-457C-B088-3A5042F75D52}") = "parse-dict", "parse-dict.pyproj", "{199EF225-33D2-478C-8F07-00DCF72E79DA}"
EndProject
Global
	GlobalSection(SolutionConfigurationPlatforms) = preSolution
		Debug|Any CPU = Debug|Any CPU
		Release|Any CPU = Release|Any CPU
	EndGlobalSection
	GlobalSection(ProjectConfigurationPlatforms) = postSolution
		{199EF225-33D2-478C-8F07-00DCF72E79DA}.Debug|Any CPU.ActiveCfg = Debug|Any CPU
		{199EF225-33D2-478C-8F07-00DCF72E79DA}.Release|Any CPU.ActiveCfg = Release|Any CPU
	EndGlobalSection
	GlobalSection(SolutionProperties) = preSolution
		HideSolutionNode = FALSE
	EndGlobalSection
	GlobalSection(ExtensibilityGlobals) = postSolution
		SolutionGuid = {82B0F87D-CCB1-46AB-8B79-8D9251D2FD7A}
	EndGlobalSection
EndGlobal
